# THIS IS AN AUTOGENERATED FILE. DO NOT EDIT THIS FILE DIRECTLY.
# yarn lockfile v1


"@synesthesia-project/light-desk@^0.0.1":
  version "0.0.1"
  resolved "https://registry.npmjs.org/@synesthesia-project/light-desk/-/light-desk-0.0.1.tgz#7fb7edbcb1bcc90888128857311bf900dcde3fb6"
  integrity sha512-1mJy513b9vrUM8+RH3Za4n4OgdhRiWTo9sZzHUgu0j2D/cNreCTYyAmlPQOQ6Ni02U7wH1pJ7LMOVb2LWsiwOQ==
  dependencies:
    lodash "^4.17.11"
    ws "2.3.1"

lodash@^4.17.11:
  version "4.17.19"
  resolved "https://registry.yarnpkg.com/lodash/-/lodash-4.17.19.tgz#e48ddedbe30b3321783c5b4301fbd353bc1e4a4b"
  integrity sha512-JNvd8XER9GQX0v2qJgsaN/mzFCNA5BRe/j8JN9d+tWyGLSodKQHKFicdwNYzWwI3wjRnaKPsGj1XkBjx/F96DQ==

safe-buffer@~5.0.1:
  version "5.0.1"
  resolved "https://registry.npmjs.org/safe-buffer/-/safe-buffer-5.0.1.tgz#d263ca54696cd8a306b5ca6551e92de57918fbe7"
  integrity sha1-0mPKVGls2KMGtcplUekt5XkY++c=

ultron@~1.1.0:
  version "1.1.1"
  resolved "https://registry.npmjs.org/ultron/-/ultron-1.1.1.tgz#9fe1536a10a664a65266a1e3ccf85fd36302bc9c"
  integrity sha512-UIEXBNeYmKptWH6z8ZnqTeS8fV74zG0/eRU9VGkpzz+LIJNs8W/zM/L+7ctCkRrgbNnnR0xxw4bKOr0cW0N0Og==

ws@2.3.1:
  version "2.3.1"
  resolved "https://registry.npmjs.org/ws/-/ws-2.3.1.tgz#6b94b3e447cb6a363f785eaf94af6359e8e81c80"
  integrity sha1-a5Sz5EfLajY/eF6vlK9jWejoHIA=
  dependencies:
    safe-buffer "~5.0.1"
    ultron "~1.1.0"
